
Microsoft Visual Studio Solution File, Format Version 12.00
# Visual Studio Version 17
VisualStudioVersion = 17.13.35825.156
MinimumVisualStudioVersion = 10.0.40219.1
Project("{FAE04EC0-301F-11D3-BF4B-00C04F79EFBC}") = "PrimaApp", "PrimaApp\PrimaApp.csproj", "{E5567EB3-768F-4CD0-BE1F-17ACE1BBC6C7}"
EndProject
Project("{FAE04EC0-301F-11D3-BF4B-00C04F79EFBC}") = "Progetto2", "Progetto2\Progetto2.csproj", "{5CE75BA4-CCDB-4AFB-8484-A8951C6ED812}"
EndProject
Project("{FAE04EC0-301F-11D3-BF4B-00C04F79EFBC}") = "TerzaApp", "TerzaApp\TerzaApp.csproj", "{2D24579A-B35E-4F08-9F94-A2D250680292}"
EndProject
Project("{FAE04EC0-301F-11D3-BF4B-00C04F79EFBC}") = "Stradario", "Stradario\Stradario.csproj", "{085208C6-AA4D-4AA5-9219-7B2DEC51115E}"
EndProject
Global
	GlobalSection(SolutionConfigurationPlatforms) = preSolution
		Debug|Any CPU = Debug|Any CPU
		Release|Any CPU = Release|Any CPU
	EndGlobalSection
	GlobalSection(ProjectConfigurationPlatforms) = postSolution
		{E5567EB3-768F-4CD0-BE1F-17ACE1BBC6C7}.Debug|Any CPU.ActiveCfg = Debug|Any CPU
		{E5567EB3-768F-4CD0-BE1F-17ACE1BBC6C7}.Debug|Any CPU.Build.0 = Debug|Any CPU
		{E5567EB3-768F-4CD0-BE1F-17ACE1BBC6C7}.Release|Any CPU.ActiveCfg = Release|Any CPU
		{E5567EB3-768F-4CD0-BE1F-17ACE1BBC6C7}.Release|Any CPU.Build.0 = Release|Any CPU
		{5CE75BA4-CCDB-4AFB-8484-A8951C6ED812}.Debug|Any CPU.ActiveCfg = Debug|Any CPU
		{5CE75BA4-CCDB-4AFB-8484-A8951C6ED812}.Debug|Any CPU.Build.0 = Debug|Any CPU
		{5CE75BA4-CCDB-4AFB-8484-A8951C6ED812}.Release|Any CPU.ActiveCfg = Release|Any CPU
		{5CE75BA4-CCDB-4AFB-8484-A8951C6ED812}.Release|Any CPU.Build.0 = Release|Any CPU
		{2D24579A-B35E-4F08-9F94-A2D250680292}.Debug|Any CPU.ActiveCfg = Debug|Any CPU
		{2D24579A-B35E-4F08-9F94-A2D250680292}.Debug|Any CPU.Build.0 = Debug|Any CPU
		{2D24579A-B35E-4F08-9F94-A2D250680292}.Release|Any CPU.ActiveCfg = Release|Any CPU
		{2D24579A-B35E-4F08-9F94-A2D250680292}.Release|Any CPU.Build.0 = Release|Any CPU
		{085208C6-AA4D-4AA5-9219-7B2DEC51115E}.Debug|Any CPU.ActiveCfg = Debug|Any CPU
		{085208C6-AA4D-4AA5-9219-7B2DEC51115E}.Debug|Any CPU.Build.0 = Debug|Any CPU
		{085208C6-AA4D-4AA5-9219-7B2DEC51115E}.Release|Any CPU.ActiveCfg = Release|Any CPU
		{085208C6-AA4D-4AA5-9219-7B2DEC51115E}.Release|Any CPU.Build.0 = Release|Any CPU
	EndGlobalSection
	GlobalSection(SolutionProperties) = preSolution
		HideSolutionNode = FALSE
	EndGlobalSection
	GlobalSection(ExtensibilityGlobals) = postSolution
		SolutionGuid = {BAD1EB16-20EE-4B33-8A0D-4F50CB6F7FDD}
	EndGlobalSection
EndGlobal
